github.com/antlr/antlr4/runtime/Go/antlr/v4 v4.0.0-20220911224424-aa1f1f12a846 h1:et5J11AOyUn9qwkIAF9kcxTxjTO8Z9oSmlOqH7MVSPo=
github.com/antlr/antlr4/runtime/Go/antlr/v4 v4.0.0-20220911224424-aa1f1f12a846/go.mod h1:pSwJ0fSY5KhvocuWSx4fz3BA8OrA1bQn+K1Eli3BRwM=
github.com/bdragon300/tusgo v0.1.1 h1:P+vqYw7RW9VJhLpJaXURO5kvwT5Yu1SMmOErg+gN6Mc=
github.com/bdragon300/tusgo v0.1.1/go.mod h1:9GcJAgwtLm56Ji2sADSIk+ZnGwrRQv+YNaLj8cwtaKY=
github.com/creasty/defaults v1.6.0 h1:ltuE9cfphUtlrBeomuu8PEyISTXnxqkBIoQfXgv7BSc=
github.com/creasty/defaults v1.6.0/go.mod h1:iGzKe6pbEHnpMPtfDXZEr0NVxWnPTjb1bbDy08fPzYM=
github.com/davecgh/go-spew v1.1.0/go.mod h1:J7Y8YcW2NihsgmVo/mv3lAwl/skON4iLHjSsI+c5H38=
github.com/davecgh/go-spew v1.1.1 h1:vj9j/u1bqnvCEfJOwUhtlOARqs3+rkHYY13jYWTU97c=
github.com/davecgh/go-spew v1.1.1/go.mod h1:J7Y8YcW2NihsgmVo/mv3lAwl/skON4iLHjSsI+c5H38=
github.com/dghubble/sling v1.4.0 h1:/n8MRosVTthvMbwlNZgLx579OGVjUOy3GNEv5BIqAWY=
github.com/dghubble/sling v1.4.0/go.mod h1:0r40aNsU9EdDUVBNhfCstAtFgutjgJGYbO1oNzkMoM8=
github.com/go-logr/logr v1.2.3 h1:2DntVwHkVopvECVRSlL5PSo9eG+cAkDCuckLubN+rq0=
github.com/gobeam/stringy v0.0.5 h1:TvxQGSAqr/qF0SBVxa8Q67WWIo7bCWS0bM101WOd52g=
github.com/gobeam/stringy v0.0.5/go.mod h1:W3620X9dJHf2FSZF5fRnWekHcHQjwmCz8ZQ2d1qloqE=
github.com/google/go-cmp v0.5.2/go.mod h1:v8dTdLbMG2kIc/vJvl+f65V22dbkXbowE6jgT/gNBxE=
github.com/google/go-cmp v0.5.9 h1:O2Tfq5qg4qc4AmwVlvv0oLiVAGB7enBSJ2x2DqQFi38=
github.com/google/go-querystring v1.1.0 h1:AnCroh3fv4ZBgVIf1Iwtovgjaw/GiKJo8M8yD/fhyJ8=
github.com/google/go-querystring v1.1.0/go.mod h1:Kcdr2DB4koayq7X8pmAG4sNG59So17icRSOU623lUBU=
github.com/hashicorp/go-cleanhttp v0.5.2 h1:035FKYIWjmULyFRBKPs8TBQoi0x6d9G4xc9neXJWAZQ=
github.com/hashicorp/go-cleanhttp v0.5.2/go.mod h1:kO/YDlP8L1346E6Sodw+PrpBSV4/SoxCXGY6BqNFT48=
github.com/huandu/go-assert v1.1.5 h1:fjemmA7sSfYHJD7CUqs9qTwwfdNAx7/j2/ZlHXzNB3c=
github.com/huandu/go-assert v1.1.5/go.mod h1:yOLvuqZwmcHIC5rIzrBhT7D3Q9c3GFnd0JrPVhn/06U=
github.com/huandu/go-clone v1.4.0 h1:NlnghW4lsmMoz+3N4yb4Ouff86ArRYPo/1aCsqQKKF4=
github.com/huandu/go-clone v1.4.0/go.mod h1:ReGivhG6op3GYr+UY3lS6mxjKp7MIGTknuU5TbTVaXE=
github.com/mitchellh/mapstructure v1.5.0 h1:jeMsZIYE/09sWLaz43PL7Gy6RuMjD2eJVyuac5Z2hdY=
github.com/mitchellh/mapstructure v1.5.0/go.mod h1:bFUtVrKA4DC2yAKiSyO/QUcy7e+RRV2QTWOzhPopBRo=
github.com/onsi/ginkgo/v2 v2.7.0 h1:/XxtEV3I3Eif/HobnVx9YmJgk8ENdRsuUmM+fLCFNow=
github.com/onsi/gomega v1.25.0 h1:Vw7br2PCDYijJHSfBOWhov+8cAnUf8MfMaIOV323l6Y=
github.com/pmezard/go-difflib v1.0.0 h1:4DBwDE0NGyQoBHbLQYPwSUPoCMWR5BEzIk/f1lZbAQM=
github.com/pmezard/go-difflib v1.0.0/go.mod h1:iKH77koFhYxTK1pcRnkKkqfTogsbg7gZNVY4sRDYZ/4=
github.com/stretchr/objx v0.1.0/go.mod h1:HFkY916IF+rwdDfMAkV7OtwuqBVzrE8GR6GFx+wExME=
github.com/stretchr/objx v0.5.0 h1:1zr/of2m5FGMsad5YfcqgdqdWrIhu+EBEJRhR1U7z/c=
github.com/stretchr/testify v1.4.0/go.mod h1:j7eGeouHqKxXV5pUuKE4zz7dFj8WfuZ+81PSLYec5m4=
github.com/stretchr/testify v1.8.1 h1:w7B6lhMri9wdJUVmEZPGGhZzrYTPvgJArz7wNPgYKsk=
github.com/vitorsalgado/mocha/v3 v3.0.1 h1:7zPTuggcbOGs4J5WoeVti3d+Yv2KZ5dj4Ds4K4X0UnI=
golang.org/x/exp v0.0.0-20220722155223-a9213eeb770e h1:+WEEuIdZHnUeJJmEUjyYC2gfUMj69yZXw17EnHg/otA=
golang.org/x/exp v0.0.0-20220722155223-a9213eeb770e/go.mod h1:Kr81I6Kryrl9sr8s2FK3vxD90NdsKWRuOIl2O4CvYbA=
golang.org/x/net v0.5.0 h1:GyT4nK/YDHSqa1c4753ouYCDajOYKTja9Xb/OHtgvSw=
golang.org/x/sys v0.4.0 h1:Zr2JFtRQNX3BCZ8YtxRE9hNJYC8J6I1MVbMg6owUp18=
golang.org/x/text v0.6.0 h1:3XmdazWV+ubf7QgHSTWeykHOci5oeekaGJBLkrkaw4k=
golang.org/x/xerrors v0.0.0-20191204190536-9bdfabe68543/go.mod h1:I/5z698sn9Ka8TeJc9MKroUUfqBBauWjQqLJ2OPfmY0=
gopkg.in/check.v1 v0.0.0-20161208181325-20d25e280405/go.mod h1:Co6ibVJAznAaIkqp8huTwlJQCZ016jof/cbN4VW5Yz0=
gopkg.in/yaml.v2 v2.2.2/go.mod h1:hI93XBmqTisBFMUTm0b8Fm+jr3Dg1NNxqwp+5A1VGuI=
gopkg.in/yaml.v3 v3.0.1 h1:fxVm/GzAzEWqLHuvctI91KS9hhNmmWOoWu0XTYJS7CA=
